
Microsoft Visual Studio Solution File, Format Version 12.00
# Visual Studio Version 17
VisualStudioVersion = 17.11.35327.3
MinimumVisualStudioVersion = 10.0.40219.1
Project("{FAE04EC0-301F-11D3-BF4B-00C04F79EFBC}") = "SmartHomeController v2", "SmartHomeController v2\SmartHomeController v2.csproj", "{44B2982A-19A1-4E2F-8A8B-D39699084E0C}"
EndProject
Global
	GlobalSection(SolutionConfigurationPlatforms) = preSolution
		Debug|Any CPU = Debug|Any CPU
		Release|Any CPU = Release|Any CPU
	EndGlobalSection
	GlobalSection(ProjectConfigurationPlatforms) = postSolution
		{44B2982A-19A1-4E2F-8A8B-D39699084E0C}.Debug|Any CPU.ActiveCfg = Debug|Any CPU
		{44B2982A-19A1-4E2F-8A8B-D39699084E0C}.Debug|Any CPU.Build.0 = Debug|Any CPU
		{44B2982A-19A1-4E2F-8A8B-D39699084E0C}.Release|Any CPU.ActiveCfg = Release|Any CPU
		{44B2982A-19A1-4E2F-8A8B-D39699084E0C}.Release|Any CPU.Build.0 = Release|Any CPU
	EndGlobalSection
	GlobalSection(SolutionProperties) = preSolution
		HideSolutionNode = FALSE
	EndGlobalSection
	GlobalSection(ExtensibilityGlobals) = postSolution
		SolutionGuid = {38987325-ED56-46B8-BDD9-8D82B1BF324D}
	EndGlobalSection
EndGlobal
